
Microsoft Visual Studio Solution File, Format Version 12.00
# Visual Studio 2013
VisualStudioVersion = 12.0.21005.1
MinimumVisualStudioVersion = 10.0.40219.1
Project("{8BC9CEB8-8B4A-11D0-8D11-00A0C91BC942}") = "MinMaxPawnBattle", "MinMaxPawnBattle\MinMaxPawnBattle.vcxproj", "{B9AB33A5-6F29-48D0-A487-3F1560378883}"
EndProject
Project("{8BC9CEB8-8B4A-11D0-8D11-00A0C91BC942}") = "Test", "Test\Test.vcxproj", "{D06DBDE8-6091-4070-B7B8-5E1A5728A7D6}"
EndProject
Global
	GlobalSection(SolutionConfigurationPlatforms) = preSolution
		Debug|Win32 = Debug|Win32
		Release|Win32 = Release|Win32
	EndGlobalSection
	GlobalSection(ProjectConfigurationPlatforms) = postSolution
		{B9AB33A5-6F29-48D0-A487-3F1560378883}.Debug|Win32.ActiveCfg = Debug|Win32
		{B9AB33A5-6F29-48D0-A487-3F1560378883}.Debug|Win32.Build.0 = Debug|Win32
		{B9AB33A5-6F29-48D0-A487-3F1560378883}.Release|Win32.ActiveCfg = Release|Win32
		{B9AB33A5-6F29-48D0-A487-3F1560378883}.Release|Win32.Build.0 = Release|Win32
		{D06DBDE8-6091-4070-B7B8-5E1A5728A7D6}.Debug|Win32.ActiveCfg = Debug|Win32
		{D06DBDE8-6091-4070-B7B8-5E1A5728A7D6}.Debug|Win32.Build.0 = Debug|Win32
		{D06DBDE8-6091-4070-B7B8-5E1A5728A7D6}.Release|Win32.ActiveCfg = Release|Win32
		{D06DBDE8-6091-4070-B7B8-5E1A5728A7D6}.Release|Win32.Build.0 = Release|Win32
	EndGlobalSection
	GlobalSection(SolutionProperties) = preSolution
		HideSolutionNode = FALSE
	EndGlobalSection
EndGlobal
